
Microsoft Visual Studio Solution File, Format Version 12.00
# Visual Studio Version 17
VisualStudioVersion = 17.5.33530.505
MinimumVisualStudioVersion = 10.0.40219.1
Project("{FAE04EC0-301F-11D3-BF4B-00C04F79EFBC}") = "Shop3", "Shop3\Shop3.csproj", "{1FDB4710-9BDA-4EEE-843D-D8A62EB6A814}"
EndProject
Global
	GlobalSection(SolutionConfigurationPlatforms) = preSolution
		Debug|Any CPU = Debug|Any CPU
		Release|Any CPU = Release|Any CPU
	EndGlobalSection
	GlobalSection(ProjectConfigurationPlatforms) = postSolution
		{1FDB4710-9BDA-4EEE-843D-D8A62EB6A814}.Debug|Any CPU.ActiveCfg = Debug|Any CPU
		{1FDB4710-9BDA-4EEE-843D-D8A62EB6A814}.Debug|Any CPU.Build.0 = Debug|Any CPU
		{1FDB4710-9BDA-4EEE-843D-D8A62EB6A814}.Release|Any CPU.ActiveCfg = Release|Any CPU
		{1FDB4710-9BDA-4EEE-843D-D8A62EB6A814}.Release|Any CPU.Build.0 = Release|Any CPU
	EndGlobalSection
	GlobalSection(SolutionProperties) = preSolution
		HideSolutionNode = FALSE
	EndGlobalSection
	GlobalSection(ExtensibilityGlobals) = postSolution
		SolutionGuid = {3E278CE7-01C5-478B-9407-41335CA3FE83}
	EndGlobalSection
EndGlobal
